github.com/go-fonts/dejavu v0.3.4 h1:Qqyx9IOs5CQFxyWTdvddeWzrX0VNwUAvbmAzL0fpjbc=
github.com/go-fonts/dejavu v0.3.4/go.mod h1:D1z0DglIz+lmpeNYMYlxW4r22IhcdOYnt+R3PShU/Kg=
github.com/go-fonts/latin-modern v0.3.3 h1:g2xNgI8yzdNzIVm+qvbMryB6yGPe0pSMss8QT3QwlJ0=
github.com/go-fonts/latin-modern v0.3.3/go.mod h1:tHaiWDGze4EPB0Go4cLT5M3QzRY3peya09Z/8KSCrpY=
github.com/go-fonts/liberation v0.3.3 h1:tM/T2vEOhjia6v5krQu8SDDegfH1SfXVRUNNKpq0Usk=
github.com/go-fonts/liberation v0.3.3/go.mod h1:eUAzNRuJnpSnd1sm2EyloQfSOT79pdw7X7++Ri+3MCU=
golang.org/x/image v0.46.0 h1:b1+oYj0Jbp6K5MDT4i4/eZpYlk3V8SJhhDKh6LBHAyQ=
golang.org/x/image v0.46.0/go.mod h1:3B3W05VGVQyuXucLINLjXKrqISASfi4Xj+iCVkLMwew=
golang.org/x/net v0.59.0 h1:5zfYln+w5XCxwrnMMJPufRgNoXEaGxl0wo5GqPXyues=
golang.org/x/net v0.59.0/go.mod h1:2DA/G1UfVbCpQPeWTmMPGY7Cs2PkBkwu743bVX5PIVg=
golang.org/x/sys v0.48.0 h1:bbX/i/6MgT9BVLM9RT1thmxL04yeTAhbEz4SyadbXoo=
golang.org/x/sys v0.48.0/go.mod h1:hNLxWAXmnKAxqDtdwIYC4bM9oQPEecfsnNMuSxOs3og=
golang.org/x/text v0.42.0 h1:JbOZXgfeCPU9gacVtYliJqOhD+zhrEqK4LfdpmlUZqI=
golang.org/x/text v0.42.0/go.mod h1:ojzP1Z+2QtioaF8DTtO8K5q7JWVVYwZKenzujK0Zd0E=
